<?xml version="1.0" encoding="utf-8"?>
<Project ToolsVersion="4.0" xmlns="http://schemas.microsoft.com/developer/msbuild/2003">
  <ItemGroup>
    <Filter Include="Source">
      <UniqueIdentifier>{b7d3ccec-c841-42ab-962b-077c9ce1cc6a}</UniqueIdentifier>
    </Filter>
    <Filter Include="Source\Core">
      <UniqueIdentifier>{92f44179-f032-49f3-a53e-3a3739dc61aa}</UniqueIdentifier>
    </Filter>
    <Filter Include="Source\Core\Graphics">
      <UniqueIdentifier>{978d9523-407a-43a0-81af-4e6bd02e483b}</UniqueIdentifier>
    </Filter>
    <Filter Include="Source\Game">
      <UniqueIdentifier>{b767bc87-e079-400f-a547-35ac60bc32ee}</UniqueIdentifier>
    </Filter>
  </ItemGroup>
  <ItemGroup>
    <ClCompile Include="Source\Main.cpp">
      <Filter>Source</Filter>
    </ClCompile>
    <ClCompile Include="Source\Core\Graphics\Graphics.cpp">
      <Filter>Source\Core\Graphics</Filter>
    </ClCompile>
    <ClCompile Include="Source\Game\Game.cpp">
      <Filter>Source\Game</Filter>
    </ClCompile>
    <ClCompile Include="Source\Game\Cleaner.cpp">
      <Filter>Source\Game</Filter>
    </ClCompile>
    <ClCompile Include="Source\Game\Object.cpp">
      <Filter>Source\Game</Filter>
    </ClCompile>
    <ClCompile Include="Source\Game\Trash.cpp">
      <Filter>Source\Game</Filter>
    </ClCompile>
  </ItemGroup>
  <ItemGroup>
    <ClInclude Include="Source\Core\Graphics\Graphics.h">
      <Filter>Source\Core\Graphics</Filter>
    </ClInclude>
    <ClInclude Include="Source\Game\Game.h">
      <Filter>Source\Game</Filter>
    </ClInclude>
    <ClInclude Include="Source\Game\Cleaner.h">
      <Filter>Source\Game</Filter>
    </ClInclude>
    <ClInclude Include="Source\Game\Object.h">
      <Filter>Source\Game</Filter>
    </ClInclude>
    <ClInclude Include="Source\Input.h">
      <Filter>Source</Filter>
    </ClInclude>
    <ClInclude Include="Source\Game\Trash.h">
      <Filter>Source\Game</Filter>
    </ClInclude>
  </ItemGroup>
</Project>